// !$*UTF8*$!
{
	archiveVersion = 1;
	classes = {
	};
	objectVersion = 46;
	objects = {

/* Begin PBXBuildFile section */
		2E1648C643C132EE620B5E15 /* libPods-SkyScannerClone.a in Frameworks */ = {isa = PBXBuildFile; fileRef = 8D1CC900ECA37FB1B0B83366 /* libPods-SkyScannerClone.a */; };
		6847A3521D0F4D68009B95FD /* main.m in Sources */ = {isa = PBXBuildFile; fileRef = 6847A3511D0F4D68009B95FD /* main.m */; };
		6847A3551D0F4D68009B95FD /* AppDelegate.m in Sources */ = {isa = PBXBuildFile; fileRef = 6847A3541D0F4D68009B95FD /* AppDelegate.m */; };
		6847A35B1D0F4D68009B95FD /* Main.storyboard in Resources */ = {isa = PBXBuildFile; fileRef = 6847A3591D0F4D68009B95FD /* Main.storyboard */; };
		6847A35D1D0F4D68009B95FD /* Assets.xcassets in Resources */ = {isa = PBXBuildFile; fileRef = 6847A35C1D0F4D68009B95FD /* Assets.xcassets */; };
		6847A3601D0F4D68009B95FD /* LaunchScreen.storyboard in Resources */ = {isa = PBXBuildFile; fileRef = 6847A35E1D0F4D68009B95FD /* LaunchScreen.storyboard */; };
		68E34CC11D0F538500AEE5C6 /* SkyScannerTableViewController.m in Sources */ = {isa = PBXBuildFile; fileRef = 68E34CC01D0F538500AEE5C6 /* SkyScannerTableViewController.m */; };
		68E34CC71D0F63B200AEE5C6 /* TwoPlaneFlightTableViewCell.m in Sources */ = {isa = PBXBuildFile; fileRef = 68E34CC61D0F63B200AEE5C6 /* TwoPlaneFlightTableViewCell.m */; };
		6D4DFCB31D11C98100D7BEC3 /* FlightData.m in Sources */ = {isa = PBXBuildFile; fileRef = 6D4DFCB21D11C98100D7BEC3 /* FlightData.m */; };
		6D4DFCB91D11CA5400D7BEC3 /* EmptyTableViewCell.m in Sources */ = {isa = PBXBuildFile; fileRef = 6D4DFCB81D11CA5400D7BEC3 /* EmptyTableViewCell.m */; };
		6DCAA8CF1D10BA9B00382A94 /* SkyScannerShimmerTableViewCell.m in Sources */ = {isa = PBXBuildFile; fileRef = 6DCAA8CE1D10BA9B00382A94 /* SkyScannerShimmerTableViewCell.m */; };
/* End PBXBuildFile section */

/* Begin PBXFileReference section */
		2CE1532A79E62E7F3DA1DE14 /* Pods-SkyScannerClone.debug.xcconfig */ = {isa = PBXFileReference; includeInIndex = 1; lastKnownFileType = text.xcconfig; name = "Pods-SkyScannerClone.debug.xcconfig"; path = "Pods/Target Support Files/Pods-SkyScannerClone/Pods-SkyScannerClone.debug.xcconfig"; sourceTree = "<group>"; };
		6847A34D1D0F4D68009B95FD /* SkyScannerClone.app */ = {isa = PBXFileReference; explicitFileType = wrapper.application; includeInIndex = 0; path = SkyScannerClone.app; sourceTree = BUILT_PRODUCTS_DIR; };
		6847A3511D0F4D68009B95FD /* main.m */ = {isa = PBXFileReference; lastKnownFileType = sourcecode.c.objc; path = main.m; sourceTree = "<group>"; };
		6847A3531D0F4D68009B95FD /* AppDelegate.h */ = {isa = PBXFileReference; lastKnownFileType = sourcecode.c.h; path = AppDelegate.h; sourceTree = "<group>"; };
		6847A3541D0F4D68009B95FD /* AppDelegate.m */ = {isa = PBXFileReference; lastKnownFileType = sourcecode.c.objc; path = AppDelegate.m; sourceTree = "<group>"; };
		6847A35A1D0F4D68009B95FD /* Base */ = {isa = PBXFileReference; lastKnownFileType = file.storyboard; name = Base; path = Base.lproj/Main.storyboard; sourceTree = "<group>"; };
		6847A35C1D0F4D68009B95FD /* Assets.xcassets */ = {isa = PBXFileReference; lastKnownFileType = folder.assetcatalog; path = Assets.xcassets; sourceTree = "<group>"; };
		6847A35F1D0F4D68009B95FD /* Base */ = {isa = PBXFileReference; lastKnownFileType = file.storyboard; name = Base; path = Base.lproj/LaunchScreen.storyboard; sourceTree = "<group>"; };
		6847A3611D0F4D68009B95FD /* Info.plist */ = {isa = PBXFileReference; lastKnownFileType = text.plist.xml; path = Info.plist; sourceTree = "<group>"; };
		68E34CBF1D0F538500AEE5C6 /* SkyScannerTableViewController.h */ = {isa = PBXFileReference; fileEncoding = 4; lastKnownFileType = sourcecode.c.h; path = SkyScannerTableViewController.h; sourceTree = "<group>"; };
		68E34CC01D0F538500AEE5C6 /* SkyScannerTableViewController.m */ = {isa = PBXFileReference; fileEncoding = 4; lastKnownFileType = sourcecode.c.objc; path = SkyScannerTableViewController.m; sourceTree = "<group>"; };
		68E34CC51D0F63B200AEE5C6 /* TwoPlaneFlightTableViewCell.h */ = {isa = PBXFileReference; fileEncoding = 4; lastKnownFileType = sourcecode.c.h; path = TwoPlaneFlightTableViewCell.h; sourceTree = "<group>"; };
		68E34CC61D0F63B200AEE5C6 /* TwoPlaneFlightTableViewCell.m */ = {isa = PBXFileReference; fileEncoding = 4; lastKnownFileType = sourcecode.c.objc; path = TwoPlaneFlightTableViewCell.m; sourceTree = "<group>"; };
		6D4DFCB11D11C98100D7BEC3 /* FlightData.h */ = {isa = PBXFileReference; fileEncoding = 4; lastKnownFileType = sourcecode.c.h; path = FlightData.h; sourceTree = "<group>"; };
		6D4DFCB21D11C98100D7BEC3 /* FlightData.m */ = {isa = PBXFileReference; fileEncoding = 4; lastKnownFileType = sourcecode.c.objc; path = FlightData.m; sourceTree = "<group>"; };
		6D4DFCB71D11CA5400D7BEC3 /* EmptyTableViewCell.h */ = {isa = PBXFileReference; fileEncoding = 4; lastKnownFileType = sourcecode.c.h; path = EmptyTableViewCell.h; sourceTree = "<group>"; };
		6D4DFCB81D11CA5400D7BEC3 /* EmptyTableViewCell.m */ = {isa = PBXFileReference; fileEncoding = 4; lastKnownFileType = sourcecode.c.objc; path = EmptyTableViewCell.m; sourceTree = "<group>"; };
		6DCAA8CD1D10BA9B00382A94 /* SkyScannerShimmerTableViewCell.h */ = {isa = PBXFileReference; fileEncoding = 4; lastKnownFileType = sourcecode.c.h; path = SkyScannerShimmerTableViewCell.h; sourceTree = "<group>"; };
		6DCAA8CE1D10BA9B00382A94 /* SkyScannerShimmerTableViewCell.m */ = {isa = PBXFileReference; fileEncoding = 4; lastKnownFileType = sourcecode.c.objc; path = SkyScannerShimmerTableViewCell.m; sourceTree = "<group>"; };
		8D1CC900ECA37FB1B0B83366 /* libPods-SkyScannerClone.a */ = {isa = PBXFileReference; explicitFileType = archive.ar; includeInIndex = 0; path = "libPods-SkyScannerClone.a"; sourceTree = BUILT_PRODUCTS_DIR; };
		BF96AE544C49837E2670AF08 /* Pods-SkyScannerClone.release.xcconfig */ = {isa = PBXFileReference; includeInIndex = 1; lastKnownFileType = text.xcconfig; name = "Pods-SkyScannerClone.release.xcconfig"; path = "Pods/Target Support Files/Pods-SkyScannerClone/Pods-SkyScannerClone.release.xcconfig"; sourceTree = "<group>"; };
/* End PBXFileReference section */

/* Begin PBXFrameworksBuildPhase section */
		6847A34A1D0F4D68009B95FD /* Frameworks */ = {
			isa = PBXFrameworksBuildPhase;
			buildActionMask = 2147483647;
			files = (
				2E1648C643C132EE620B5E15 /* libPods-SkyScannerClone.a in Frameworks */,
			);
			runOnlyForDeploymentPostprocessing = 0;
		};
/* End PBXFrameworksBuildPhase section */

/* Begin PBXGroup section */
		1EC4E739B9A3FF39612D8651 /* Frameworks */ = {
			isa = PBXGroup;
			children = (
				8D1CC900ECA37FB1B0B83366 /* libPods-SkyScannerClone.a */,
			);
			name = Frameworks;
			sourceTree = "<group>";
		};
		6847A3441D0F4D68009B95FD = {
			isa = PBXGroup;
			children = (
				6847A34F1D0F4D68009B95FD /* SkyScannerClone */,
				6847A34E1D0F4D68009B95FD /* Products */,
				C7E96AD237CCD056D64E67FA /* Pods */,
				1EC4E739B9A3FF39612D8651 /* Frameworks */,
			);
			sourceTree = "<group>";
		};
		6847A34E1D0F4D68009B95FD /* Products */ = {
			isa = PBXGroup;
			children = (
				6847A34D1D0F4D68009B95FD /* SkyScannerClone.app */,
			);
			name = Products;
			sourceTree = "<group>";
		};
		6847A34F1D0F4D68009B95FD /* SkyScannerClone */ = {
			isa = PBXGroup;
			children = (
				6847A3531D0F4D68009B95FD /* AppDelegate.h */,
				6847A3541D0F4D68009B95FD /* AppDelegate.m */,
				6D56623C1D11BEED00347CC0 /* Shimmer */,
				6D56623B1D11BEC700347CC0 /* ViewController */,
				6D56623A1D11BEA200347CC0 /* TwoPlane TableView */,
				6D5662391D11BE7400347CC0 /* Ignore */,
				6847A3501D0F4D68009B95FD /* Supporting Files */,
				6D4DFCB11D11C98100D7BEC3 /* FlightData.h */,
				6D4DFCB21D11C98100D7BEC3 /* FlightData.m */,
				6D4DFCB71D11CA5400D7BEC3 /* EmptyTableViewCell.h */,
				6D4DFCB81D11CA5400D7BEC3 /* EmptyTableViewCell.m */,
			);
			path = SkyScannerClone;
			sourceTree = "<group>";
		};
		6847A3501D0F4D68009B95FD /* Supporting Files */ = {
			isa = PBXGroup;
			children = (
				6847A3511D0F4D68009B95FD /* main.m */,
			);
			name = "Supporting Files";
			sourceTree = "<group>";
		};
		6D5662391D11BE7400347CC0 /* Ignore */ = {
			isa = PBXGroup;
			children = (
				6847A35C1D0F4D68009B95FD /* Assets.xcassets */,
				6847A35E1D0F4D68009B95FD /* LaunchScreen.storyboard */,
				6847A3611D0F4D68009B95FD /* Info.plist */,
				6847A3591D0F4D68009B95FD /* Main.storyboard */,
			);
			name = Ignore;
			sourceTree = "<group>";
		};
		6D56623A1D11BEA200347CC0 /* TwoPlane TableView */ = {
			isa = PBXGroup;
			children = (
				68E34CC51D0F63B200AEE5C6 /* TwoPlaneFlightTableViewCell.h */,
				68E34CC61D0F63B200AEE5C6 /* TwoPlaneFlightTableViewCell.m */,
			);
			name = "TwoPlane TableView";
			sourceTree = "<group>";
		};
		6D56623B1D11BEC700347CC0 /* ViewController */ = {
			isa = PBXGroup;
			children = (
				68E34CBF1D0F538500AEE5C6 /* SkyScannerTableViewController.h */,
				68E34CC01D0F538500AEE5C6 /* SkyScannerTableViewController.m */,
			);
			name = ViewController;
			sourceTree = "<group>";
		};
		6D56623C1D11BEED00347CC0 /* Shimmer */ = {
			isa = PBXGroup;
			children = (
				6DCAA8CD1D10BA9B00382A94 /* SkyScannerShimmerTableViewCell.h */,
				6DCAA8CE1D10BA9B00382A94 /* SkyScannerShimmerTableViewCell.m */,
			);
			name = Shimmer;
			sourceTree = "<group>";
		};
		C7E96AD237CCD056D64E67FA /* Pods */ = {
			isa = PBXGroup;
			children = (
				2CE1532A79E62E7F3DA1DE14 /* Pods-SkyScannerClone.debug.xcconfig */,
				BF96AE544C49837E2670AF08 /* Pods-SkyScannerClone.release.xcconfig */,
			);
			name = Pods;
			sourceTree = "<group>";
		};
/* End PBXGroup section */

/* Begin PBXNativeTarget section */
		6847A34C1D0F4D68009B95FD /* SkyScannerClone */ = {
			isa = PBXNativeTarget;
			buildConfigurationList = 6847A3641D0F4D68009B95FD /* Build configuration list for PBXNativeTarget "SkyScannerClone" */;
			buildPhases = (
				09D7A8F5B1377D03F3897CF3 /* [CP] Check Pods Manifest.lock */,
				6847A3491D0F4D68009B95FD /* Sources */,
				6847A34A1D0F4D68009B95FD /* Frameworks */,
				6847A34B1D0F4D68009B95FD /* Resources */,
				F5829206A37D2419222FD498 /* [CP] Embed Pods Frameworks */,
				0FCBC20ABC616DF6AA4BD072 /* [CP] Copy Pods Resources */,
			);
			buildRules = (
			);
			dependencies = (
			);
			name = SkyScannerClone;
			productName = SkyScannerClone;
			productReference = 6847A34D1D0F4D68009B95FD /* SkyScannerClone.app */;
			productType = "com.apple.product-type.application";
		};
/* End PBXNativeTarget section */

/* Begin PBXProject section */
		6847A3451D0F4D68009B95FD /* Project object */ = {
			isa = PBXProject;
			attributes = {
				LastUpgradeCheck = 0730;
				ORGANIZATIONNAME = "Aung Moe";
				TargetAttributes = {
					6847A34C1D0F4D68009B95FD = {
						CreatedOnToolsVersion = 7.3.1;
					};
				};
			};
			buildConfigurationList = 6847A3481D0F4D68009B95FD /* Build configuration list for PBXProject "SkyScannerClone" */;
			compatibilityVersion = "Xcode 3.2";
			developmentRegion = English;
			hasScannedForEncodings = 0;
			knownRegions = (
				en,
				Base,
			);
			mainGroup = 6847A3441D0F4D68009B95FD;
			productRefGroup = 6847A34E1D0F4D68009B95FD /* Products */;
			projectDirPath = "";
			projectRoot = "";
			targets = (
				6847A34C1D0F4D68009B95FD /* SkyScannerClone */,
			);
		};
/* End PBXProject section */

/* Begin PBXResourcesBuildPhase section */
		6847A34B1D0F4D68009B95FD /* Resources */ = {
			isa = PBXResourcesBuildPhase;
			buildActionMask = 2147483647;
			files = (
				6847A3601D0F4D68009B95FD /* LaunchScreen.storyboard in Resources */,
				6847A35D1D0F4D68009B95FD /* Assets.xcassets in Resources */,
				6847A35B1D0F4D68009B95FD /* Main.storyboard in Resources */,
			);
			runOnlyForDeploymentPostprocessing = 0;
		};
/* End PBXResourcesBuildPhase section */

/* Begin PBXShellScriptBuildPhase section */
		09D7A8F5B1377D03F3897CF3 /* [CP] Check Pods Manifest.lock */ = {
			isa = PBXShellScriptBuildPhase;
			buildActionMask = 2147483647;
			files = (
			);
			inputPaths = (
			);
			name = "[CP] Check Pods Manifest.lock";
			outputPaths = (
			);
			runOnlyForDeploymentPostprocessing = 0;
			shellPath = /bin/sh;
			shellScript = "diff \"${PODS_ROOT}/../Podfile.lock\" \"${PODS_ROOT}/Manifest.lock\" > /dev/null\nif [[ $? != 0 ]] ; then\n    cat << EOM\nerror: The sandbox is not in sync with the Podfile.lock. Run 'pod install' or update your CocoaPods installation.\nEOM\n    exit 1\nfi\n";
			showEnvVarsInLog = 0;
		};
		0FCBC20ABC616DF6AA4BD072 /* [CP] Copy Pods Resources */ = {
			isa = PBXShellScriptBuildPhase;
			buildActionMask = 2147483647;
			files = (
			);
			inputPaths = (
			);
			name = "[CP] Copy Pods Resources";
			outputPaths = (
			);
			runOnlyForDeploymentPostprocessing = 0;
			shellPath = /bin/sh;
			shellScript = "\"${SRCROOT}/Pods/Target Support Files/Pods-SkyScannerClone/Pods-SkyScannerClone-resources.sh\"\n";
			showEnvVarsInLog = 0;
		};
		F5829206A37D2419222FD498 /* [CP] Embed Pods Frameworks */ = {
			isa = PBXShellScriptBuildPhase;
			buildActionMask = 2147483647;
			files = (
			);
			inputPaths = (
			);
			name = "[CP] Embed Pods Frameworks";
			outputPaths = (
			);
			runOnlyForDeploymentPostprocessing = 0;
			shellPath = /bin/sh;
			shellScript = "\"${SRCROOT}/Pods/Target Support Files/Pods-SkyScannerClone/Pods-SkyScannerClone-frameworks.sh\"\n";
			showEnvVarsInLog = 0;
		};
/* End PBXShellScriptBuildPhase section */

/* Begin PBXSourcesBuildPhase section */
		6847A3491D0F4D68009B95FD /* Sources */ = {
			isa = PBXSourcesBuildPhase;
			buildActionMask = 2147483647;
			files = (
				6847A3551D0F4D68009B95FD /* AppDelegate.m in Sources */,
				6D4DFCB31D11C98100D7BEC3 /* FlightData.m in Sources */,
				6847A3521D0F4D68009B95FD /* main.m in Sources */,
				6D4DFCB91D11CA5400D7BEC3 /* EmptyTableViewCell.m in Sources */,
				68E34CC11D0F538500AEE5C6 /* SkyScannerTableViewController.m in Sources */,
				68E34CC71D0F63B200AEE5C6 /* TwoPlaneFlightTableViewCell.m in Sources */,
				6DCAA8CF1D10BA9B00382A94 /* SkyScannerShimmerTableViewCell.m in Sources */,
			);
			runOnlyForDeploymentPostprocessing = 0;
		};
/* End PBXSourcesBuildPhase section */

/* Begin PBXVariantGroup section */
		6847A3591D0F4D68009B95FD /* Main.storyboard */ = {
			isa = PBXVariantGroup;
			children = (
				6847A35A1D0F4D68009B95FD /* Base */,
			);
			name = Main.storyboard;
			sourceTree = "<group>";
		};
		6847A35E1D0F4D68009B95FD /* LaunchScreen.storyboard */ = {
			isa = PBXVariantGroup;
			children = (
				6847A35F1D0F4D68009B95FD /* Base */,
			);
			name = LaunchScreen.storyboard;
			sourceTree = "<group>";
		};
/* End PBXVariantGroup section */

/* Begin XCBuildConfiguration section */
		6847A3621D0F4D68009B95FD /* Debug */ = {
			isa = XCBuildConfiguration;
			buildSettings = {
				ALWAYS_SEARCH_USER_PATHS = NO;
				CLANG_ANALYZER_NONNULL = YES;
				CLANG_CXX_LANGUAGE_STANDARD = "gnu++0x";
				CLANG_CXX_LIBRARY = "libc++";
				CLANG_ENABLE_MODULES = YES;
				CLANG_ENABLE_OBJC_ARC = YES;
				CLANG_WARN_BOOL_CONVERSION = YES;
				CLANG_WARN_CONSTANT_CONVERSION = YES;
				CLANG_WARN_DIRECT_OBJC_ISA_USAGE = YES_ERROR;
				CLANG_WARN_EMPTY_BODY = YES;
				CLANG_WARN_ENUM_CONVERSION = YES;
				CLANG_WARN_INT_CONVERSION = YES;
				CLANG_WARN_OBJC_ROOT_CLASS = YES_ERROR;
				CLANG_WARN_UNREACHABLE_CODE = YES;
				CLANG_WARN__DUPLICATE_METHOD_MATCH = YES;
				"CODE_SIGN_IDENTITY[sdk=iphoneos*]" = "iPhone Developer";
				COPY_PHASE_STRIP = NO;
				DEBUG_INFORMATION_FORMAT = dwarf;
				ENABLE_STRICT_OBJC_MSGSEND = YES;
				ENABLE_TESTABILITY = YES;
				GCC_C_LANGUAGE_STANDARD = gnu99;
				GCC_DYNAMIC_NO_PIC = NO;
				GCC_NO_COMMON_BLOCKS = YES;
				GCC_OPTIMIZATION_LEVEL = 0;
				GCC_PREPROCESSOR_DEFINITIONS = (
					"DEBUG=1",
					"$(inherited)",
				);
				GCC_WARN_64_TO_32_BIT_CONVERSION = YES;
				GCC_WARN_ABOUT_RETURN_TYPE = YES_ERROR;
				GCC_WARN_UNDECLARED_SELECTOR = YES;
				GCC_WARN_UNINITIALIZED_AUTOS = YES_AGGRESSIVE;
				GCC_WARN_UNUSED_FUNCTION = YES;
				GCC_WARN_UNUSED_VARIABLE = YES;
				IPHONEOS_DEPLOYMENT_TARGET = 9.3;
				MTL_ENABLE_DEBUG_INFO = YES;
				ONLY_ACTIVE_ARCH = YES;
				SDKROOT = iphoneos;
			};
			name = Debug;
		};
		6847A3631D0F4D68009B95FD /* Release */ = {
			isa = XCBuildConfiguration;
			buildSettings = {
				ALWAYS_SEARCH_USER_PATHS = NO;
				CLANG_ANALYZER_NONNULL = YES;
				CLANG_CXX_LANGUAGE_STANDARD = "gnu++0x";
				CLANG_CXX_LIBRARY = "libc++";
				CLANG_ENABLE_MODULES = YES;
				CLANG_ENABLE_OBJC_ARC = YES;
				CLANG_WARN_BOOL_CONVERSION = YES;
				CLANG_WARN_CONSTANT_CONVERSION = YES;
				CLANG_WARN_DIRECT_OBJC_ISA_USAGE = YES_ERROR;
				CLANG_WARN_EMPTY_BODY = YES;
				CLANG_WARN_ENUM_CONVERSION = YES;
				CLANG_WARN_INT_CONVERSION = YES;
				CLANG_WARN_OBJC_ROOT_CLASS = YES_ERROR;
				CLANG_WARN_UNREACHABLE_CODE = YES;
				CLANG_WARN__DUPLICATE_METHOD_MATCH = YES;
				"CODE_SIGN_IDENTITY[sdk=iphoneos*]" = "iPhone Developer";
				COPY_PHASE_STRIP = NO;
				DEBUG_INFORMATION_FORMAT = "dwarf-with-dsym";
				ENABLE_NS_ASSERTIONS = NO;
				ENABLE_STRICT_OBJC_MSGSEND = YES;
				GCC_C_LANGUAGE_STANDARD = gnu99;
				GCC_NO_COMMON_BLOCKS = YES;
				GCC_WARN_64_TO_32_BIT_CONVERSION = YES;
				GCC_WARN_ABOUT_RETURN_TYPE = YES_ERROR;
				GCC_WARN_UNDECLARED_SELECTOR = YES;
				GCC_WARN_UNINITIALIZED_AUTOS = YES_AGGRESSIVE;
				GCC_WARN_UNUSED_FUNCTION = YES;
				GCC_WARN_UNUSED_VARIABLE = YES;
				IPHONEOS_DEPLOYMENT_TARGET = 9.3;
				MTL_ENABLE_DEBUG_INFO = NO;
				SDKROOT = iphoneos;
				VALIDATE_PRODUCT = YES;
			};
			name = Release;
		};
		6847A3651D0F4D68009B95FD /* Debug */ = {
			isa = XCBuildConfiguration;
			baseConfigurationReference = 2CE1532A79E62E7F3DA1DE14 /* Pods-SkyScannerClone.debug.xcconfig */;
			buildSettings = {
				ASSETCATALOG_COMPILER_APPICON_NAME = AppIcon;
				INFOPLIST_FILE = SkyScannerClone/Info.plist;
				LD_RUNPATH_SEARCH_PATHS = "$(inherited) @executable_path/Frameworks";
				PRODUCT_BUNDLE_IDENTIFIER = moe.SkyScannerClone;
				PRODUCT_NAME = "$(TARGET_NAME)";
			};
			name = Debug;
		};
		6847A3661D0F4D68009B95FD /* Release */ = {
			isa = XCBuildConfiguration;
			baseConfigurationReference = BF96AE544C49837E2670AF08 /* Pods-SkyScannerClone.release.xcconfig */;
			buildSettings = {
				ASSETCATALOG_COMPILER_APPICON_NAME = AppIcon;
				INFOPLIST_FILE = SkyScannerClone/Info.plist;
				LD_RUNPATH_SEARCH_PATHS = "$(inherited) @executable_path/Frameworks";
				PRODUCT_BUNDLE_IDENTIFIER = moe.SkyScannerClone;
				PRODUCT_NAME = "$(TARGET_NAME)";
			};
			name = Release;
		};
/* End XCBuildConfiguration section */

/* Begin XCConfigurationList section */
		6847A3481D0F4D68009B95FD /* Build configuration list for PBXProject "SkyScannerClone" */ = {
			isa = XCConfigurationList;
			buildConfigurations = (
				6847A3621D0F4D68009B95FD /* Debug */,
				6847A3631D0F4D68009B95FD /* Release */,
			);
			defaultConfigurationIsVisible = 0;
			defaultConfigurationName = Release;
		};
		6847A3641D0F4D68009B95FD /* Build configuration list for PBXNativeTarget "SkyScannerClone" */ = {
			isa = XCConfigurationList;
			buildConfigurations = (
				6847A3651D0F4D68009B95FD /* Debug */,
				6847A3661D0F4D68009B95FD /* Release */,
			);
			defaultConfigurationIsVisible = 0;
			defaultConfigurationName = Release;
		};
/* End XCConfigurationList section */
	};
	rootObject = 6847A3451D0F4D68009B95FD /* Project object */;
}
